{
  "name": "from-thesis-to-paper",
  "version": "0.1.0",
  "lockfileVersion": 3,
  "requires": true,
  "packages": {
    "": {
      "name": "from-thesis-to-paper",
      "version": "0.1.0",
      "license": "MIT",
      "bin": {
        "fttp": "src/cli.js"
      },
      "engines": {
        "node": ">=18"
      }
    }
  }
}
